
Microsoft Visual Studio Solution File, Format Version 11.00
# Visual Studio 2010
Project("{FAE04EC0-301F-11D3-BF4B-00C04F79EFBC}") = "Assembly-CSharp", "Assembly-CSharp.csproj", "{ac8f83bd-d899-7d01-e77e-0165dfc15c05}"
EndProject
Project("{FAE04EC0-301F-11D3-BF4B-00C04F79EFBC}") = "Assembly-CSharp-Editor", "Assembly-CSharp-Editor.csproj", "{69656ea3-4df9-9388-632d-9a7a8cba37ef}"
EndProject
Global
	GlobalSection(SolutionConfigurationPlatforms) = preSolution
		Debug|Any CPU = Debug|Any CPU
	EndGlobalSection
	GlobalSection(ProjectConfigurationPlatforms) = postSolution
		{ac8f83bd-d899-7d01-e77e-0165dfc15c05}.Debug|Any CPU.ActiveCfg = Debug|Any CPU
		{ac8f83bd-d899-7d01-e77e-0165dfc15c05}.Debug|Any CPU.Build.0 = Debug|Any CPU
		{69656ea3-4df9-9388-632d-9a7a8cba37ef}.Debug|Any CPU.ActiveCfg = Debug|Any CPU
		{69656ea3-4df9-9388-632d-9a7a8cba37ef}.Debug|Any CPU.Build.0 = Debug|Any CPU
	EndGlobalSection
	GlobalSection(SolutionProperties) = preSolution
		HideSolutionNode = FALSE
	EndGlobalSection
EndGlobal
